
Microsoft Visual Studio Solution File, Format Version 12.00
# Visual Studio Version 16
VisualStudioVersion = 16.0.29123.88
MinimumVisualStudioVersion = 10.0.40219.1
Project("{8BC9CEB8-8B4A-11D0-8D11-00A0C91BC942}") = "c++", "c++\c++.vcxproj", "{2D0B12A4-E7CE-48E4-A5B7-8BADA11E6622}"
EndProject
Project("{8BC9CEB8-8B4A-11D0-8D11-00A0C91BC942}") = "引用作为函数返回值", "引用作为函数返回值\引用作为函数返回值.vcxproj", "{17ED2BD3-E5F4-406D-908E-FB109FC7440F}"
EndProject
Project("{8BC9CEB8-8B4A-11D0-8D11-00A0C91BC942}") = "指针引用", "指针引用\指针引用.vcxproj", "{262A6479-B228-405C-B2D1-35424DDD7F53}"
EndProject
Project("{8BC9CEB8-8B4A-11D0-8D11-00A0C91BC942}") = "const引用", "const引用\const引用.vcxproj", "{8B5DC94C-46C5-40D0-8666-60A15B4878BE}"
EndProject
Project("{8BC9CEB8-8B4A-11D0-8D11-00A0C91BC942}") = "内联函数", "内联函数\内联函数.vcxproj", "{E4640F70-4D48-4C1B-8989-A55DE98A4974}"
EndProject
Project("{8BC9CEB8-8B4A-11D0-8D11-00A0C91BC942}") = "默认参数和占位参数", "默认参数和占位参数\默认参数和占位参数.vcxproj", "{5F3176FD-150E-449A-BA6B-F5FC52C28096}"
EndProject
Project("{8BC9CEB8-8B4A-11D0-8D11-00A0C91BC942}") = "函数重载与函数指针", "函数重载\函数重载.vcxproj", "{4D9A39EC-A247-45B6-A4F1-71FD62E3CAC2}"
EndProject
Project("{8BC9CEB8-8B4A-11D0-8D11-00A0C91BC942}") = "类和对象", "类和对象\类和对象.vcxproj", "{F85F691A-BB81-4509-AB6C-FEC0083ACBDA}"
EndProject
Project("{8BC9CEB8-8B4A-11D0-8D11-00A0C91BC942}") = "面向对象小例", "面向对象小例\面向对象小例.vcxproj", "{299357E8-B093-44D4-ACEE-D2F53511D603}"
EndProject
Project("{8BC9CEB8-8B4A-11D0-8D11-00A0C91BC942}") = "求点是否在圆内", "求点是否在圆内\求点是否在圆内.vcxproj", "{A4CCEBAF-EDB0-40DD-9910-3CA50ED68D1B}"
EndProject
Project("{8BC9CEB8-8B4A-11D0-8D11-00A0C91BC942}") = "构造和析构", "构造和析构\构造和析构.vcxproj", "{0D77FE48-97DA-4223-A4F3-4B72E14849C5}"
EndProject
Project("{8BC9CEB8-8B4A-11D0-8D11-00A0C91BC942}") = "拷贝构造函数", "拷贝构造函数\拷贝构造函数.vcxproj", "{E4194FDE-2AB0-4AAE-826C-E473477EC2C8}"
EndProject
Project("{8BC9CEB8-8B4A-11D0-8D11-00A0C91BC942}") = "拷贝构造函数的引用前景", "拷贝构造函数的引用前景\拷贝构造函数的引用前景.vcxproj", "{953C79E4-3552-4FD3-A185-508ABFDEF512}"
EndProject
Project("{8BC9CEB8-8B4A-11D0-8D11-00A0C91BC942}") = "深拷贝和浅拷贝", "深拷贝和浅拷贝\深拷贝和浅拷贝.vcxproj", "{36DE9EC6-0072-49E9-B533-36DA25F49A31}"
EndProject
Project("{8BC9CEB8-8B4A-11D0-8D11-00A0C91BC942}") = "构造函数的初始化列表", "构造函数的初始化列表\构造函数的初始化列表.vcxproj", "{255DB323-F081-43D4-B2F2-AF01A7F0C8CC}"
EndProject
Project("{8BC9CEB8-8B4A-11D0-8D11-00A0C91BC942}") = "构造的强化训练", "构造的强化训练\构造的强化训练.vcxproj", "{33EF0886-CDF7-4C6E-B8F3-6FB20001D2FA}"
EndProject
Project("{8BC9CEB8-8B4A-11D0-8D11-00A0C91BC942}") = "const", "const\const.vcxproj", "{B08739D0-5B2F-4AE1-9005-4BDC4CEC80FC}"
EndProject
Project("{8BC9CEB8-8B4A-11D0-8D11-00A0C91BC942}") = "iostream", "iostream\iostream.vcxproj", "{C4007BAC-FBD1-4847-A16B-FC104451640D}"
EndProject
Project("{8BC9CEB8-8B4A-11D0-8D11-00A0C91BC942}") = "namespace的使用", "namespace的使用\namespace的使用.vcxproj", "{05C49963-D647-474A-86E5-1D0FF66FD20F}"
EndProject
Project("{8BC9CEB8-8B4A-11D0-8D11-00A0C91BC942}") = "struct", "struct\struct.vcxproj", "{64048420-F9C7-4CF4-BB7A-8DF2D6173456}"
EndProject
Project("{8BC9CEB8-8B4A-11D0-8D11-00A0C91BC942}") = "枚举", "枚举\枚举.vcxproj", "{C57B32C3-F695-4194-A276-082415FDE644}"
EndProject
Project("{8BC9CEB8-8B4A-11D0-8D11-00A0C91BC942}") = "三目的增强", "三目的增强\三目的增强.vcxproj", "{B6390C9B-ACE8-4D76-B5AA-6FD869C9F6EC}"
EndProject
Project("{8BC9CEB8-8B4A-11D0-8D11-00A0C91BC942}") = "引用", "引用\引用.vcxproj", "{8D5C6DC1-8B15-47C9-9227-CFCC94AF0632}"
EndProject
Global
	GlobalSection(SolutionConfigurationPlatforms) = preSolution
		Debug|x64 = Debug|x64
		Debug|x86 = Debug|x86
		Release|x64 = Release|x64
		Release|x86 = Release|x86
	EndGlobalSection
	GlobalSection(ProjectConfigurationPlatforms) = postSolution
		{2D0B12A4-E7CE-48E4-A5B7-8BADA11E6622}.Debug|x64.ActiveCfg = Debug|x64
		{2D0B12A4-E7CE-48E4-A5B7-8BADA11E6622}.Debug|x64.Build.0 = Debug|x64
		{2D0B12A4-E7CE-48E4-A5B7-8BADA11E6622}.Debug|x86.ActiveCfg = Debug|Win32
		{2D0B12A4-E7CE-48E4-A5B7-8BADA11E6622}.Debug|x86.Build.0 = Debug|Win32
		{2D0B12A4-E7CE-48E4-A5B7-8BADA11E6622}.Release|x64.ActiveCfg = Release|x64
		{2D0B12A4-E7CE-48E4-A5B7-8BADA11E6622}.Release|x64.Build.0 = Release|x64
		{2D0B12A4-E7CE-48E4-A5B7-8BADA11E6622}.Release|x86.ActiveCfg = Release|Win32
		{2D0B12A4-E7CE-48E4-A5B7-8BADA11E6622}.Release|x86.Build.0 = Release|Win32
		{17ED2BD3-E5F4-406D-908E-FB109FC7440F}.Debug|x64.ActiveCfg = Debug|x64
		{17ED2BD3-E5F4-406D-908E-FB109FC7440F}.Debug|x64.Build.0 = Debug|x64
		{17ED2BD3-E5F4-406D-908E-FB109FC7440F}.Debug|x86.ActiveCfg = Debug|Win32
		{17ED2BD3-E5F4-406D-908E-FB109FC7440F}.Debug|x86.Build.0 = Debug|Win32
		{17ED2BD3-E5F4-406D-908E-FB109FC7440F}.Release|x64.ActiveCfg = Release|x64
		{17ED2BD3-E5F4-406D-908E-FB109FC7440F}.Release|x64.Build.0 = Release|x64
		{17ED2BD3-E5F4-406D-908E-FB109FC7440F}.Release|x86.ActiveCfg = Release|Win32
		{17ED2BD3-E5F4-406D-908E-FB109FC7440F}.Release|x86.Build.0 = Release|Win32
		{262A6479-B228-405C-B2D1-35424DDD7F53}.Debug|x64.ActiveCfg = Debug|x64
		{262A6479-B228-405C-B2D1-35424DDD7F53}.Debug|x64.Build.0 = Debug|x64
		{262A6479-B228-405C-B2D1-35424DDD7F53}.Debug|x86.ActiveCfg = Debug|Win32
		{262A6479-B228-405C-B2D1-35424DDD7F53}.Debug|x86.Build.0 = Debug|Win32
		{262A6479-B228-405C-B2D1-35424DDD7F53}.Release|x64.ActiveCfg = Release|x64
		{262A6479-B228-405C-B2D1-35424DDD7F53}.Release|x64.Build.0 = Release|x64
		{262A6479-B228-405C-B2D1-35424DDD7F53}.Release|x86.ActiveCfg = Release|Win32
		{262A6479-B228-405C-B2D1-35424DDD7F53}.Release|x86.Build.0 = Release|Win32
		{8B5DC94C-46C5-40D0-8666-60A15B4878BE}.Debug|x64.ActiveCfg = Debug|x64
		{8B5DC94C-46C5-40D0-8666-60A15B4878BE}.Debug|x64.Build.0 = Debug|x64
		{8B5DC94C-46C5-40D0-8666-60A15B4878BE}.Debug|x86.ActiveCfg = Debug|Win32
		{8B5DC94C-46C5-40D0-8666-60A15B4878BE}.Debug|x86.Build.0 = Debug|Win32
		{8B5DC94C-46C5-40D0-8666-60A15B4878BE}.Release|x64.ActiveCfg = Release|x64
		{8B5DC94C-46C5-40D0-8666-60A15B4878BE}.Release|x64.Build.0 = Release|x64
		{8B5DC94C-46C5-40D0-8666-60A15B4878BE}.Release|x86.ActiveCfg = Release|Win32
		{8B5DC94C-46C5-40D0-8666-60A15B4878BE}.Release|x86.Build.0 = Release|Win32
		{E4640F70-4D48-4C1B-8989-A55DE98A4974}.Debug|x64.ActiveCfg = Debug|x64
		{E4640F70-4D48-4C1B-8989-A55DE98A4974}.Debug|x64.Build.0 = Debug|x64
		{E4640F70-4D48-4C1B-8989-A55DE98A4974}.Debug|x86.ActiveCfg = Debug|Win32
		{E4640F70-4D48-4C1B-8989-A55DE98A4974}.Debug|x86.Build.0 = Debug|Win32
		{E4640F70-4D48-4C1B-8989-A55DE98A4974}.Release|x64.ActiveCfg = Release|x64
		{E4640F70-4D48-4C1B-8989-A55DE98A4974}.Release|x64.Build.0 = Release|x64
		{E4640F70-4D48-4C1B-8989-A55DE98A4974}.Release|x86.ActiveCfg = Release|Win32
		{E4640F70-4D48-4C1B-8989-A55DE98A4974}.Release|x86.Build.0 = Release|Win32
		{5F3176FD-150E-449A-BA6B-F5FC52C28096}.Debug|x64.ActiveCfg = Debug|x64
		{5F3176FD-150E-449A-BA6B-F5FC52C28096}.Debug|x64.Build.0 = Debug|x64
		{5F3176FD-150E-449A-BA6B-F5FC52C28096}.Debug|x86.ActiveCfg = Debug|Win32
		{5F3176FD-150E-449A-BA6B-F5FC52C28096}.Debug|x86.Build.0 = Debug|Win32
		{5F3176FD-150E-449A-BA6B-F5FC52C28096}.Release|x64.ActiveCfg = Release|x64
		{5F3176FD-150E-449A-BA6B-F5FC52C28096}.Release|x64.Build.0 = Release|x64
		{5F3176FD-150E-449A-BA6B-F5FC52C28096}.Release|x86.ActiveCfg = Release|Win32
		{5F3176FD-150E-449A-BA6B-F5FC52C28096}.Release|x86.Build.0 = Release|Win32
		{4D9A39EC-A247-45B6-A4F1-71FD62E3CAC2}.Debug|x64.ActiveCfg = Debug|x64
		{4D9A39EC-A247-45B6-A4F1-71FD62E3CAC2}.Debug|x64.Build.0 = Debug|x64
		{4D9A39EC-A247-45B6-A4F1-71FD62E3CAC2}.Debug|x86.ActiveCfg = Debug|Win32
		{4D9A39EC-A247-45B6-A4F1-71FD62E3CAC2}.Debug|x86.Build.0 = Debug|Win32
		{4D9A39EC-A247-45B6-A4F1-71FD62E3CAC2}.Release|x64.ActiveCfg = Release|x64
		{4D9A39EC-A247-45B6-A4F1-71FD62E3CAC2}.Release|x64.Build.0 = Release|x64
		{4D9A39EC-A247-45B6-A4F1-71FD62E3CAC2}.Release|x86.ActiveCfg = Release|Win32
		{4D9A39EC-A247-45B6-A4F1-71FD62E3CAC2}.Release|x86.Build.0 = Release|Win32
		{F85F691A-BB81-4509-AB6C-FEC0083ACBDA}.Debug|x64.ActiveCfg = Debug|x64
		{F85F691A-BB81-4509-AB6C-FEC0083ACBDA}.Debug|x64.Build.0 = Debug|x64
		{F85F691A-BB81-4509-AB6C-FEC0083ACBDA}.Debug|x86.ActiveCfg = Debug|Win32
		{F85F691A-BB81-4509-AB6C-FEC0083ACBDA}.Debug|x86.Build.0 = Debug|Win32
		{F85F691A-BB81-4509-AB6C-FEC0083ACBDA}.Release|x64.ActiveCfg = Release|x64
		{F85F691A-BB81-4509-AB6C-FEC0083ACBDA}.Release|x64.Build.0 = Release|x64
		{F85F691A-BB81-4509-AB6C-FEC0083ACBDA}.Release|x86.ActiveCfg = Release|Win32
		{F85F691A-BB81-4509-AB6C-FEC0083ACBDA}.Release|x86.Build.0 = Release|Win32
		{299357E8-B093-44D4-ACEE-D2F53511D603}.Debug|x64.ActiveCfg = Debug|x64
		{299357E8-B093-44D4-ACEE-D2F53511D603}.Debug|x64.Build.0 = Debug|x64
		{299357E8-B093-44D4-ACEE-D2F53511D603}.Debug|x86.ActiveCfg = Debug|Win32
		{299357E8-B093-44D4-ACEE-D2F53511D603}.Debug|x86.Build.0 = Debug|Win32
		{299357E8-B093-44D4-ACEE-D2F53511D603}.Release|x64.ActiveCfg = Release|x64
		{299357E8-B093-44D4-ACEE-D2F53511D603}.Release|x64.Build.0 = Release|x64
		{299357E8-B093-44D4-ACEE-D2F53511D603}.Release|x86.ActiveCfg = Release|Win32
		{299357E8-B093-44D4-ACEE-D2F53511D603}.Release|x86.Build.0 = Release|Win32
		{A4CCEBAF-EDB0-40DD-9910-3CA50ED68D1B}.Debug|x64.ActiveCfg = Debug|x64
		{A4CCEBAF-EDB0-40DD-9910-3CA50ED68D1B}.Debug|x64.Build.0 = Debug|x64
		{A4CCEBAF-EDB0-40DD-9910-3CA50ED68D1B}.Debug|x86.ActiveCfg = Debug|Win32
		{A4CCEBAF-EDB0-40DD-9910-3CA50ED68D1B}.Debug|x86.Build.0 = Debug|Win32
		{A4CCEBAF-EDB0-40DD-9910-3CA50ED68D1B}.Release|x64.ActiveCfg = Release|x64
		{A4CCEBAF-EDB0-40DD-9910-3CA50ED68D1B}.Release|x64.Build.0 = Release|x64
		{A4CCEBAF-EDB0-40DD-9910-3CA50ED68D1B}.Release|x86.ActiveCfg = Release|Win32
		{A4CCEBAF-EDB0-40DD-9910-3CA50ED68D1B}.Release|x86.Build.0 = Release|Win32
		{0D77FE48-97DA-4223-A4F3-4B72E14849C5}.Debug|x64.ActiveCfg = Debug|x64
		{0D77FE48-97DA-4223-A4F3-4B72E14849C5}.Debug|x64.Build.0 = Debug|x64
		{0D77FE48-97DA-4223-A4F3-4B72E14849C5}.Debug|x86.ActiveCfg = Debug|Win32
		{0D77FE48-97DA-4223-A4F3-4B72E14849C5}.Debug|x86.Build.0 = Debug|Win32
		{0D77FE48-97DA-4223-A4F3-4B72E14849C5}.Release|x64.ActiveCfg = Release|x64
		{0D77FE48-97DA-4223-A4F3-4B72E14849C5}.Release|x64.Build.0 = Release|x64
		{0D77FE48-97DA-4223-A4F3-4B72E14849C5}.Release|x86.ActiveCfg = Release|Win32
		{0D77FE48-97DA-4223-A4F3-4B72E14849C5}.Release|x86.Build.0 = Release|Win32
		{E4194FDE-2AB0-4AAE-826C-E473477EC2C8}.Debug|x64.ActiveCfg = Debug|x64
		{E4194FDE-2AB0-4AAE-826C-E473477EC2C8}.Debug|x64.Build.0 = Debug|x64
		{E4194FDE-2AB0-4AAE-826C-E473477EC2C8}.Debug|x86.ActiveCfg = Debug|Win32
		{E4194FDE-2AB0-4AAE-826C-E473477EC2C8}.Debug|x86.Build.0 = Debug|Win32
		{E4194FDE-2AB0-4AAE-826C-E473477EC2C8}.Release|x64.ActiveCfg = Release|x64
		{E4194FDE-2AB0-4AAE-826C-E473477EC2C8}.Release|x64.Build.0 = Release|x64
		{E4194FDE-2AB0-4AAE-826C-E473477EC2C8}.Release|x86.ActiveCfg = Release|Win32
		{E4194FDE-2AB0-4AAE-826C-E473477EC2C8}.Release|x86.Build.0 = Release|Win32
		{953C79E4-3552-4FD3-A185-508ABFDEF512}.Debug|x64.ActiveCfg = Debug|x64
		{953C79E4-3552-4FD3-A185-508ABFDEF512}.Debug|x64.Build.0 = Debug|x64
		{953C79E4-3552-4FD3-A185-508ABFDEF512}.Debug|x86.ActiveCfg = Debug|Win32
		{953C79E4-3552-4FD3-A185-508ABFDEF512}.Debug|x86.Build.0 = Debug|Win32
		{953C79E4-3552-4FD3-A185-508ABFDEF512}.Release|x64.ActiveCfg = Release|x64
		{953C79E4-3552-4FD3-A185-508ABFDEF512}.Release|x64.Build.0 = Release|x64
		{953C79E4-3552-4FD3-A185-508ABFDEF512}.Release|x86.ActiveCfg = Release|Win32
		{953C79E4-3552-4FD3-A185-508ABFDEF512}.Release|x86.Build.0 = Release|Win32
		{36DE9EC6-0072-49E9-B533-36DA25F49A31}.Debug|x64.ActiveCfg = Debug|x64
		{36DE9EC6-0072-49E9-B533-36DA25F49A31}.Debug|x64.Build.0 = Debug|x64
		{36DE9EC6-0072-49E9-B533-36DA25F49A31}.Debug|x86.ActiveCfg = Debug|Win32
		{36DE9EC6-0072-49E9-B533-36DA25F49A31}.Debug|x86.Build.0 = Debug|Win32
		{36DE9EC6-0072-49E9-B533-36DA25F49A31}.Release|x64.ActiveCfg = Release|x64
		{36DE9EC6-0072-49E9-B533-36DA25F49A31}.Release|x64.Build.0 = Release|x64
		{36DE9EC6-0072-49E9-B533-36DA25F49A31}.Release|x86.ActiveCfg = Release|Win32
		{36DE9EC6-0072-49E9-B533-36DA25F49A31}.Release|x86.Build.0 = Release|Win32
		{255DB323-F081-43D4-B2F2-AF01A7F0C8CC}.Debug|x64.ActiveCfg = Debug|x64
		{255DB323-F081-43D4-B2F2-AF01A7F0C8CC}.Debug|x64.Build.0 = Debug|x64
		{255DB323-F081-43D4-B2F2-AF01A7F0C8CC}.Debug|x86.ActiveCfg = Debug|Win32
		{255DB323-F081-43D4-B2F2-AF01A7F0C8CC}.Debug|x86.Build.0 = Debug|Win32
		{255DB323-F081-43D4-B2F2-AF01A7F0C8CC}.Release|x64.ActiveCfg = Release|x64
		{255DB323-F081-43D4-B2F2-AF01A7F0C8CC}.Release|x64.Build.0 = Release|x64
		{255DB323-F081-43D4-B2F2-AF01A7F0C8CC}.Release|x86.ActiveCfg = Release|Win32
		{255DB323-F081-43D4-B2F2-AF01A7F0C8CC}.Release|x86.Build.0 = Release|Win32
		{33EF0886-CDF7-4C6E-B8F3-6FB20001D2FA}.Debug|x64.ActiveCfg = Debug|x64
		{33EF0886-CDF7-4C6E-B8F3-6FB20001D2FA}.Debug|x64.Build.0 = Debug|x64
		{33EF0886-CDF7-4C6E-B8F3-6FB20001D2FA}.Debug|x86.ActiveCfg = Debug|Win32
		{33EF0886-CDF7-4C6E-B8F3-6FB20001D2FA}.Debug|x86.Build.0 = Debug|Win32
		{33EF0886-CDF7-4C6E-B8F3-6FB20001D2FA}.Release|x64.ActiveCfg = Release|x64
		{33EF0886-CDF7-4C6E-B8F3-6FB20001D2FA}.Release|x64.Build.0 = Release|x64
		{33EF0886-CDF7-4C6E-B8F3-6FB20001D2FA}.Release|x86.ActiveCfg = Release|Win32
		{33EF0886-CDF7-4C6E-B8F3-6FB20001D2FA}.Release|x86.Build.0 = Release|Win32
		{B08739D0-5B2F-4AE1-9005-4BDC4CEC80FC}.Debug|x64.ActiveCfg = Debug|x64
		{B08739D0-5B2F-4AE1-9005-4BDC4CEC80FC}.Debug|x64.Build.0 = Debug|x64
		{B08739D0-5B2F-4AE1-9005-4BDC4CEC80FC}.Debug|x86.ActiveCfg = Debug|Win32
		{B08739D0-5B2F-4AE1-9005-4BDC4CEC80FC}.Debug|x86.Build.0 = Debug|Win32
		{B08739D0-5B2F-4AE1-9005-4BDC4CEC80FC}.Release|x64.ActiveCfg = Release|x64
		{B08739D0-5B2F-4AE1-9005-4BDC4CEC80FC}.Release|x64.Build.0 = Release|x64
		{B08739D0-5B2F-4AE1-9005-4BDC4CEC80FC}.Release|x86.ActiveCfg = Release|Win32
		{B08739D0-5B2F-4AE1-9005-4BDC4CEC80FC}.Release|x86.Build.0 = Release|Win32
		{C4007BAC-FBD1-4847-A16B-FC104451640D}.Debug|x64.ActiveCfg = Debug|x64
		{C4007BAC-FBD1-4847-A16B-FC104451640D}.Debug|x64.Build.0 = Debug|x64
		{C4007BAC-FBD1-4847-A16B-FC104451640D}.Debug|x86.ActiveCfg = Debug|Win32
		{C4007BAC-FBD1-4847-A16B-FC104451640D}.Debug|x86.Build.0 = Debug|Win32
		{C4007BAC-FBD1-4847-A16B-FC104451640D}.Release|x64.ActiveCfg = Release|x64
		{C4007BAC-FBD1-4847-A16B-FC104451640D}.Release|x64.Build.0 = Release|x64
		{C4007BAC-FBD1-4847-A16B-FC104451640D}.Release|x86.ActiveCfg = Release|Win32
		{C4007BAC-FBD1-4847-A16B-FC104451640D}.Release|x86.Build.0 = Release|Win32
		{05C49963-D647-474A-86E5-1D0FF66FD20F}.Debug|x64.ActiveCfg = Debug|x64
		{05C49963-D647-474A-86E5-1D0FF66FD20F}.Debug|x64.Build.0 = Debug|x64
		{05C49963-D647-474A-86E5-1D0FF66FD20F}.Debug|x86.ActiveCfg = Debug|Win32
		{05C49963-D647-474A-86E5-1D0FF66FD20F}.Debug|x86.Build.0 = Debug|Win32
		{05C49963-D647-474A-86E5-1D0FF66FD20F}.Release|x64.ActiveCfg = Release|x64
		{05C49963-D647-474A-86E5-1D0FF66FD20F}.Release|x64.Build.0 = Release|x64
		{05C49963-D647-474A-86E5-1D0FF66FD20F}.Release|x86.ActiveCfg = Release|Win32
		{05C49963-D647-474A-86E5-1D0FF66FD20F}.Release|x86.Build.0 = Release|Win32
		{64048420-F9C7-4CF4-BB7A-8DF2D6173456}.Debug|x64.ActiveCfg = Debug|x64
		{64048420-F9C7-4CF4-BB7A-8DF2D6173456}.Debug|x64.Build.0 = Debug|x64
		{64048420-F9C7-4CF4-BB7A-8DF2D6173456}.Debug|x86.ActiveCfg = Debug|Win32
		{64048420-F9C7-4CF4-BB7A-8DF2D6173456}.Debug|x86.Build.0 = Debug|Win32
		{64048420-F9C7-4CF4-BB7A-8DF2D6173456}.Release|x64.ActiveCfg = Release|x64
		{64048420-F9C7-4CF4-BB7A-8DF2D6173456}.Release|x64.Build.0 = Release|x64
		{64048420-F9C7-4CF4-BB7A-8DF2D6173456}.Release|x86.ActiveCfg = Release|Win32
		{64048420-F9C7-4CF4-BB7A-8DF2D6173456}.Release|x86.Build.0 = Release|Win32
		{C57B32C3-F695-4194-A276-082415FDE644}.Debug|x64.ActiveCfg = Debug|x64
		{C57B32C3-F695-4194-A276-082415FDE644}.Debug|x64.Build.0 = Debug|x64
		{C57B32C3-F695-4194-A276-082415FDE644}.Debug|x86.ActiveCfg = Debug|Win32
		{C57B32C3-F695-4194-A276-082415FDE644}.Debug|x86.Build.0 = Debug|Win32
		{C57B32C3-F695-4194-A276-082415FDE644}.Release|x64.ActiveCfg = Release|x64
		{C57B32C3-F695-4194-A276-082415FDE644}.Release|x64.Build.0 = Release|x64
		{C57B32C3-F695-4194-A276-082415FDE644}.Release|x86.ActiveCfg = Release|Win32
		{C57B32C3-F695-4194-A276-082415FDE644}.Release|x86.Build.0 = Release|Win32
		{B6390C9B-ACE8-4D76-B5AA-6FD869C9F6EC}.Debug|x64.ActiveCfg = Debug|x64
		{B6390C9B-ACE8-4D76-B5AA-6FD869C9F6EC}.Debug|x64.Build.0 = Debug|x64
		{B6390C9B-ACE8-4D76-B5AA-6FD869C9F6EC}.Debug|x86.ActiveCfg = Debug|Win32
		{B6390C9B-ACE8-4D76-B5AA-6FD869C9F6EC}.Debug|x86.Build.0 = Debug|Win32
		{B6390C9B-ACE8-4D76-B5AA-6FD869C9F6EC}.Release|x64.ActiveCfg = Release|x64
		{B6390C9B-ACE8-4D76-B5AA-6FD869C9F6EC}.Release|x64.Build.0 = Release|x64
		{B6390C9B-ACE8-4D76-B5AA-6FD869C9F6EC}.Release|x86.ActiveCfg = Release|Win32
		{B6390C9B-ACE8-4D76-B5AA-6FD869C9F6EC}.Release|x86.Build.0 = Release|Win32
		{8D5C6DC1-8B15-47C9-9227-CFCC94AF0632}.Debug|x64.ActiveCfg = Debug|x64
		{8D5C6DC1-8B15-47C9-9227-CFCC94AF0632}.Debug|x64.Build.0 = Debug|x64
		{8D5C6DC1-8B15-47C9-9227-CFCC94AF0632}.Debug|x86.ActiveCfg = Debug|Win32
		{8D5C6DC1-8B15-47C9-9227-CFCC94AF0632}.Debug|x86.Build.0 = Debug|Win32
		{8D5C6DC1-8B15-47C9-9227-CFCC94AF0632}.Release|x64.ActiveCfg = Release|x64
		{8D5C6DC1-8B15-47C9-9227-CFCC94AF0632}.Release|x64.Build.0 = Release|x64
		{8D5C6DC1-8B15-47C9-9227-CFCC94AF0632}.Release|x86.ActiveCfg = Release|Win32
		{8D5C6DC1-8B15-47C9-9227-CFCC94AF0632}.Release|x86.Build.0 = Release|Win32
	EndGlobalSection
	GlobalSection(SolutionProperties) = preSolution
		HideSolutionNode = FALSE
	EndGlobalSection
	GlobalSection(ExtensibilityGlobals) = postSolution
		SolutionGuid = {A1E998AC-58CC-4AF7-92E9-70B84FE30690}
	EndGlobalSection
EndGlobal
